
Microsoft Visual Studio Solution File, Format Version 12.00
# Visual Studio Version 16
VisualStudioVersion = 16.0.32510.428
MinimumVisualStudioVersion = 10.0.40219.1
Project("{FAE04EC0-301F-11D3-BF4B-00C04F79EFBC}") = "Proyecto_final_Herramientas", "Proyecto_final_Herramientas\Proyecto_final_Herramientas.csproj", "{26086A18-AB6D-4760-B77C-7D1EB885048E}"
EndProject
Global
	GlobalSection(SolutionConfigurationPlatforms) = preSolution
		Debug|Any CPU = Debug|Any CPU
		Release|Any CPU = Release|Any CPU
	EndGlobalSection
	GlobalSection(ProjectConfigurationPlatforms) = postSolution
		{26086A18-AB6D-4760-B77C-7D1EB885048E}.Debug|Any CPU.ActiveCfg = Debug|Any CPU
		{26086A18-AB6D-4760-B77C-7D1EB885048E}.Debug|Any CPU.Build.0 = Debug|Any CPU
		{26086A18-AB6D-4760-B77C-7D1EB885048E}.Release|Any CPU.ActiveCfg = Release|Any CPU
		{26086A18-AB6D-4760-B77C-7D1EB885048E}.Release|Any CPU.Build.0 = Release|Any CPU
	EndGlobalSection
	GlobalSection(SolutionProperties) = preSolution
		HideSolutionNode = FALSE
	EndGlobalSection
	GlobalSection(ExtensibilityGlobals) = postSolution
		SolutionGuid = {202E475B-0E47-41B1-B2B1-C219564FDE81}
	EndGlobalSection
EndGlobal
